
Microsoft Visual Studio Solution File, Format Version 12.00
# Visual Studio Version 16
VisualStudioVersion = 16.0.28711.60
MinimumVisualStudioVersion = 10.0.40219.1
Project("{2150E333-8FDC-42A3-9474-1A3956D46DE8}") = "src", "src", "{96D02C7A-1D40-4A88-BE5E-7BBF6E2FBC92}"
EndProject
Project("{2150E333-8FDC-42A3-9474-1A3956D46DE8}") = "tests", "tests", "{BB5BC974-8940-4DD0-AA0B-EAAA981AEE5E}"
EndProject
Project("{2150E333-8FDC-42A3-9474-1A3956D46DE8}") = "Solution Items", "Solution Items", "{6BAF6A40-B165-474F-93E4-B4D31729A9E2}"
	ProjectSection(SolutionItems) = preProject
		LICENS = LICENS
		README.md = README.md
	EndProjectSection
EndProject
Project("{9A19103F-16F7-4668-BE54-9A1E7A4F7556}") = "Egil.RazorComponents.Bootstrap", "src\Egil.RazorComponents.Bootstrap\Egil.RazorComponents.Bootstrap.csproj", "{93E5D314-E661-46D2-8E02-F923C8846D14}"
EndProject
Project("{9A19103F-16F7-4668-BE54-9A1E7A4F7556}") = "Egil.RazorComponents.Bootstrap.Tests", "tests\Egil.RazorComponents.Bootstrap.Tests\Egil.RazorComponents.Bootstrap.Tests.csproj", "{A88A6E63-C32A-473C-8E61-262FB28AADDB}"
EndProject
Project("{9A19103F-16F7-4668-BE54-9A1E7A4F7556}") = "Egil.RazorComponents.Bootstrap.BlazorTestServer", "tests\Egil.RazorComponents.Bootstrap.BlazorTestServer\Egil.RazorComponents.Bootstrap.BlazorTestServer.csproj", "{F795F803-60CB-4740-BBDD-2DB914333A1B}"
EndProject
Project("{FAE04EC0-301F-11D3-BF4B-00C04F79EFBC}") = "BlazorClientSideTestApp", "tests\BlazorClientSideTestApp\BlazorClientSideTestApp.csproj", "{979C4AC2-3CDD-40C4-A90B-5CC4189DAA2E}"
EndProject
Global
	GlobalSection(SolutionConfigurationPlatforms) = preSolution
		Debug|Any CPU = Debug|Any CPU
		Release|Any CPU = Release|Any CPU
	EndGlobalSection
	GlobalSection(ProjectConfigurationPlatforms) = postSolution
		{93E5D314-E661-46D2-8E02-F923C8846D14}.Debug|Any CPU.ActiveCfg = Debug|Any CPU
		{93E5D314-E661-46D2-8E02-F923C8846D14}.Debug|Any CPU.Build.0 = Debug|Any CPU
		{93E5D314-E661-46D2-8E02-F923C8846D14}.Release|Any CPU.ActiveCfg = Release|Any CPU
		{93E5D314-E661-46D2-8E02-F923C8846D14}.Release|Any CPU.Build.0 = Release|Any CPU
		{A88A6E63-C32A-473C-8E61-262FB28AADDB}.Debug|Any CPU.ActiveCfg = Debug|Any CPU
		{A88A6E63-C32A-473C-8E61-262FB28AADDB}.Debug|Any CPU.Build.0 = Debug|Any CPU
		{A88A6E63-C32A-473C-8E61-262FB28AADDB}.Release|Any CPU.ActiveCfg = Release|Any CPU
		{A88A6E63-C32A-473C-8E61-262FB28AADDB}.Release|Any CPU.Build.0 = Release|Any CPU
		{F795F803-60CB-4740-BBDD-2DB914333A1B}.Debug|Any CPU.ActiveCfg = Debug|Any CPU
		{F795F803-60CB-4740-BBDD-2DB914333A1B}.Debug|Any CPU.Build.0 = Debug|Any CPU
		{F795F803-60CB-4740-BBDD-2DB914333A1B}.Release|Any CPU.ActiveCfg = Release|Any CPU
		{F795F803-60CB-4740-BBDD-2DB914333A1B}.Release|Any CPU.Build.0 = Release|Any CPU
		{979C4AC2-3CDD-40C4-A90B-5CC4189DAA2E}.Debug|Any CPU.ActiveCfg = Debug|Any CPU
		{979C4AC2-3CDD-40C4-A90B-5CC4189DAA2E}.Debug|Any CPU.Build.0 = Debug|Any CPU
		{979C4AC2-3CDD-40C4-A90B-5CC4189DAA2E}.Release|Any CPU.ActiveCfg = Release|Any CPU
		{979C4AC2-3CDD-40C4-A90B-5CC4189DAA2E}.Release|Any CPU.Build.0 = Release|Any CPU
	EndGlobalSection
	GlobalSection(SolutionProperties) = preSolution
		HideSolutionNode = FALSE
	EndGlobalSection
	GlobalSection(NestedProjects) = preSolution
		{93E5D314-E661-46D2-8E02-F923C8846D14} = {96D02C7A-1D40-4A88-BE5E-7BBF6E2FBC92}
		{A88A6E63-C32A-473C-8E61-262FB28AADDB} = {BB5BC974-8940-4DD0-AA0B-EAAA981AEE5E}
		{F795F803-60CB-4740-BBDD-2DB914333A1B} = {BB5BC974-8940-4DD0-AA0B-EAAA981AEE5E}
		{979C4AC2-3CDD-40C4-A90B-5CC4189DAA2E} = {BB5BC974-8940-4DD0-AA0B-EAAA981AEE5E}
	EndGlobalSection
	GlobalSection(ExtensibilityGlobals) = postSolution
		SolutionGuid = {2BB71BBE-C97E-45E8-9422-E29CB3EBF4F4}
	EndGlobalSection
EndGlobal
