
Microsoft Visual Studio Solution File, Format Version 12.00
# Visual Studio Version 16
VisualStudioVersion = 16.0.28711.60
MinimumVisualStudioVersion = 10.0.40219.1
Project("{2150E333-8FDC-42A3-9474-1A3956D46DE8}") = "src", "src", "{96D02C7A-1D40-4A88-BE5E-7BBF6E2FBC92}"
EndProject
Project("{2150E333-8FDC-42A3-9474-1A3956D46DE8}") = "tests", "tests", "{BB5BC974-8940-4DD0-AA0B-EAAA981AEE5E}"
EndProject
Project("{2150E333-8FDC-42A3-9474-1A3956D46DE8}") = "Solution Items", "Solution Items", "{6BAF6A40-B165-474F-93E4-B4D31729A9E2}"
	ProjectSection(SolutionItems) = preProject
		Directory.Build.props = Directory.Build.props
		LICENS = LICENS
		README.md = README.md
	EndProjectSection
EndProject
Project("{2150E333-8FDC-42A3-9474-1A3956D46DE8}") = "docs", "docs", "{17C27C7D-9643-4061-BE2D-E38C75C5C0F2}"
EndProject
Project("{9A19103F-16F7-4668-BE54-9A1E7A4F7556}") = "Egil.RazorComponents.Bootstrap.Documentation", "docs\Egil.RazorComponents.Bootstrap.Documentation.csproj", "{AFD5F875-1437-4AB3-BC4F-3E3B2257E53C}"
EndProject
Project("{9A19103F-16F7-4668-BE54-9A1E7A4F7556}") = "Egil.RazorComponents.Bootstrap", "src\Egil.RazorComponents.Bootstrap.csproj", "{09042484-04B6-45E9-AA2A-27DD16136FFF}"
EndProject
Project("{9A19103F-16F7-4668-BE54-9A1E7A4F7556}") = "Egil.RazorComponents.Bootstrap.Tests", "tests\Egil.RazorComponents.Bootstrap.Tests.csproj", "{11460361-C639-4021-907C-841BFE6CEE6F}"
EndProject
Project("{2150E333-8FDC-42A3-9474-1A3956D46DE8}") = "docs-runtimes", "docs-runtimes", "{BAD2F6FF-3FEE-4D42-9653-51D680D4DA02}"
EndProject
Project("{9A19103F-16F7-4668-BE54-9A1E7A4F7556}") = "Egil.RazorComponents.Bootstrap.DocsBlazorClient", "docs-runtimes\DocsBlazorClient\Egil.RazorComponents.Bootstrap.DocsBlazorClient.csproj", "{4F0E763E-1E09-4EB2-9B7F-6DB8B465C585}"
EndProject
Project("{9A19103F-16F7-4668-BE54-9A1E7A4F7556}") = "Egil.RazorComponents.Bootstrap.DocsBlazorServer", "docs-runtimes\DocsBlazorServer\Egil.RazorComponents.Bootstrap.DocsBlazorServer.csproj", "{74349F17-0FED-44A9-8C89-C766EEF19C76}"
EndProject
Global
	GlobalSection(SolutionConfigurationPlatforms) = preSolution
		Debug|Any CPU = Debug|Any CPU
		Release|Any CPU = Release|Any CPU
	EndGlobalSection
	GlobalSection(ProjectConfigurationPlatforms) = postSolution
		{AFD5F875-1437-4AB3-BC4F-3E3B2257E53C}.Debug|Any CPU.ActiveCfg = Debug|Any CPU
		{AFD5F875-1437-4AB3-BC4F-3E3B2257E53C}.Debug|Any CPU.Build.0 = Debug|Any CPU
		{AFD5F875-1437-4AB3-BC4F-3E3B2257E53C}.Release|Any CPU.ActiveCfg = Release|Any CPU
		{AFD5F875-1437-4AB3-BC4F-3E3B2257E53C}.Release|Any CPU.Build.0 = Release|Any CPU
		{09042484-04B6-45E9-AA2A-27DD16136FFF}.Debug|Any CPU.ActiveCfg = Debug|Any CPU
		{09042484-04B6-45E9-AA2A-27DD16136FFF}.Debug|Any CPU.Build.0 = Debug|Any CPU
		{09042484-04B6-45E9-AA2A-27DD16136FFF}.Release|Any CPU.ActiveCfg = Release|Any CPU
		{09042484-04B6-45E9-AA2A-27DD16136FFF}.Release|Any CPU.Build.0 = Release|Any CPU
		{11460361-C639-4021-907C-841BFE6CEE6F}.Debug|Any CPU.ActiveCfg = Debug|Any CPU
		{11460361-C639-4021-907C-841BFE6CEE6F}.Debug|Any CPU.Build.0 = Debug|Any CPU
		{11460361-C639-4021-907C-841BFE6CEE6F}.Release|Any CPU.ActiveCfg = Release|Any CPU
		{11460361-C639-4021-907C-841BFE6CEE6F}.Release|Any CPU.Build.0 = Release|Any CPU
		{4F0E763E-1E09-4EB2-9B7F-6DB8B465C585}.Debug|Any CPU.ActiveCfg = Debug|Any CPU
		{4F0E763E-1E09-4EB2-9B7F-6DB8B465C585}.Debug|Any CPU.Build.0 = Debug|Any CPU
		{4F0E763E-1E09-4EB2-9B7F-6DB8B465C585}.Release|Any CPU.ActiveCfg = Release|Any CPU
		{4F0E763E-1E09-4EB2-9B7F-6DB8B465C585}.Release|Any CPU.Build.0 = Release|Any CPU
		{74349F17-0FED-44A9-8C89-C766EEF19C76}.Debug|Any CPU.ActiveCfg = Debug|Any CPU
		{74349F17-0FED-44A9-8C89-C766EEF19C76}.Debug|Any CPU.Build.0 = Debug|Any CPU
		{74349F17-0FED-44A9-8C89-C766EEF19C76}.Release|Any CPU.ActiveCfg = Release|Any CPU
		{74349F17-0FED-44A9-8C89-C766EEF19C76}.Release|Any CPU.Build.0 = Release|Any CPU
	EndGlobalSection
	GlobalSection(SolutionProperties) = preSolution
		HideSolutionNode = FALSE
	EndGlobalSection
	GlobalSection(NestedProjects) = preSolution
		{AFD5F875-1437-4AB3-BC4F-3E3B2257E53C} = {17C27C7D-9643-4061-BE2D-E38C75C5C0F2}
		{09042484-04B6-45E9-AA2A-27DD16136FFF} = {96D02C7A-1D40-4A88-BE5E-7BBF6E2FBC92}
		{11460361-C639-4021-907C-841BFE6CEE6F} = {BB5BC974-8940-4DD0-AA0B-EAAA981AEE5E}
		{4F0E763E-1E09-4EB2-9B7F-6DB8B465C585} = {BAD2F6FF-3FEE-4D42-9653-51D680D4DA02}
		{74349F17-0FED-44A9-8C89-C766EEF19C76} = {BAD2F6FF-3FEE-4D42-9653-51D680D4DA02}
	EndGlobalSection
	GlobalSection(ExtensibilityGlobals) = postSolution
		SolutionGuid = {2BB71BBE-C97E-45E8-9422-E29CB3EBF4F4}
	EndGlobalSection
EndGlobal
